<?xml version="1.0" encoding="UTF-8"?>
<Scheme
   LastUpgradeVersion = "1640"
   wasCreatedForAppExtension = "YES"
   version = "2.0">
   <BuildAction
      parallelizeBuildables = "YES"
      buildImplicitDependencies = "YES"
      buildArchitectures = "Automatic">
      <BuildActionEntries>
         <BuildActionEntry
            buildForTesting = "YES"
            buildForRunning = "YES"
            buildForProfiling = "YES"
            buildForArchiving = "YES"
            buildForAnalyzing = "YES">
            <BuildableReference
               BuildableIdentifier = "primary"
               BlueprintIdentifier = "100000000000000000000401"
               BuildableName = "OpenPPP2PacketTunnel.appex"
               BlueprintName = "OpenPPP2PacketTunnel"
               ReferencedContainer = "container:OpenPPP2.xcodeproj">
            </BuildableReference>
         </BuildActionEntry>
         <BuildActionEntry
            buildForTesting = "YES"
            buildForRunning = "YES"
            buildForProfiling = "YES"
            buildForArchiving = "YES"
            buildForAnalyzing = "YES">
            <BuildableReference
               BuildableIdentifier = "primary"
               BlueprintIdentifier = "100000000000000000000400"
               BuildableName = "OpenPPP2.app"
               BlueprintName = "OpenPPP2"
               ReferencedContainer = "container:OpenPPP2.xcodeproj">
            </BuildableReference>
         </BuildActionEntry>
      </BuildActionEntries>
   </BuildAction>
   <TestAction
      buildConfiguration = "Debug"
      selectedDebuggerIdentifier = "Xcode.DebuggerFoundation.Debugger.LLDB"
      selectedLauncherIdentifier = "Xcode.DebuggerFoundation.Launcher.LLDB"
      shouldUseLaunchSchemeArgsEnv = "YES"
      shouldAutocreateTestPlan = "YES">
   </TestAction>
   <LaunchAction
      buildConfiguration = "Debug"
      selectedDebuggerIdentifier = ""
      selectedLauncherIdentifier = "Xcode.IDEFoundation.Launcher.PosixSpawn"
      launchStyle = "0"
      askForAppToLaunch = "Yes"
      useCustomWorkingDirectory = "NO"
      ignoresPersistentStateOnLaunch = "NO"
      debugDocumentVersioning = "YES"
      debugServiceExtension = "internal"
      allowLocationSimulation = "YES"
      launchAutomaticallySubstyle = "2">
      <RemoteRunnable
         runnableDebuggingMode = "1"
         BundleIdentifier = "com.tunnel.openppp2"
         RemotePath = "/Users/ling/Library/Developer/CoreSimulator/Devices/42739F34-A16E-4DFF-A86C-9B1DEEFBAA54/data/Containers/Bundle/Application/122B9BF2-1D1F-4920-9443-7FA887C2E63A/OpenPPP2.app">
      </RemoteRunnable>
      <MacroExpansion>
         <BuildableReference
            BuildableIdentifier = "primary"
            BlueprintIdentifier = "100000000000000000000400"
            BuildableName = "OpenPPP2.app"
            BlueprintName = "OpenPPP2"
            ReferencedContainer = "container:OpenPPP2.xcodeproj">
         </BuildableReference>
      </MacroExpansion>
   </LaunchAction>
   <ProfileAction
      buildConfiguration = "Release"
      shouldUseLaunchSchemeArgsEnv = "YES"
      savedToolIdentifier = ""
      useCustomWorkingDirectory = "NO"
      debugDocumentVersioning = "YES"
      launchAutomaticallySubstyle = "2">
      <BuildableProductRunnable
         runnableDebuggingMode = "0">
         <BuildableReference
            BuildableIdentifier = "primary"
            BlueprintIdentifier = "100000000000000000000400"
            BuildableName = "OpenPPP2.app"
            BlueprintName = "OpenPPP2"
            ReferencedContainer = "container:OpenPPP2.xcodeproj">
         </BuildableReference>
      </BuildableProductRunnable>
   </ProfileAction>
   <AnalyzeAction
      buildConfiguration = "Debug">
   </AnalyzeAction>
   <ArchiveAction
      buildConfiguration = "Release"
      revealArchiveInOrganizer = "YES">
   </ArchiveAction>
</Scheme>
